
Microsoft Visual Studio Solution File, Format Version 12.00
# Visual Studio 14
VisualStudioVersion = 14.0.23107.0
MinimumVisualStudioVersion = 10.0.40219.1
Project("{FAE04EC0-301F-11D3-BF4B-00C04F79EFBC}") = "DataAccessLayer", "DataAccessLayer\DataAccessLayer.csproj", "{2DF69639-FF19-4DE4-80E4-D3C8D2339B31}"
EndProject
Project("{FAE04EC0-301F-11D3-BF4B-00C04F79EFBC}") = "DataAccessLayer.Tests", "DataAccessLayer.Tests\DataAccessLayer.Tests.csproj", "{D3BBC7B0-EB7F-4707-ABFF-5533A5471340}"
EndProject
Global
	GlobalSection(SolutionConfigurationPlatforms) = preSolution
		Debug|Any CPU = Debug|Any CPU
		Release|Any CPU = Release|Any CPU
	EndGlobalSection
	GlobalSection(ProjectConfigurationPlatforms) = postSolution
		{2DF69639-FF19-4DE4-80E4-D3C8D2339B31}.Debug|Any CPU.ActiveCfg = Debug|Any CPU
		{2DF69639-FF19-4DE4-80E4-D3C8D2339B31}.Debug|Any CPU.Build.0 = Debug|Any CPU
		{2DF69639-FF19-4DE4-80E4-D3C8D2339B31}.Release|Any CPU.ActiveCfg = Release|Any CPU
		{2DF69639-FF19-4DE4-80E4-D3C8D2339B31}.Release|Any CPU.Build.0 = Release|Any CPU
		{D3BBC7B0-EB7F-4707-ABFF-5533A5471340}.Debug|Any CPU.ActiveCfg = Debug|Any CPU
		{D3BBC7B0-EB7F-4707-ABFF-5533A5471340}.Debug|Any CPU.Build.0 = Debug|Any CPU
		{D3BBC7B0-EB7F-4707-ABFF-5533A5471340}.Release|Any CPU.ActiveCfg = Release|Any CPU
		{D3BBC7B0-EB7F-4707-ABFF-5533A5471340}.Release|Any CPU.Build.0 = Release|Any CPU
	EndGlobalSection
	GlobalSection(SolutionProperties) = preSolution
		HideSolutionNode = FALSE
	EndGlobalSection
EndGlobal
